// !$*UTF8*$!
{
	archiveVersion = 1;
	classes = {
	};
	objectVersion = 46;
	objects = {

/* Begin PBXBuildFile section */
		E69221BC1EA6862200D4AF01 /* AppDelegate.swift in Sources */ = {isa = PBXBuildFile; fileRef = E69221BB1EA6862200D4AF01 /* AppDelegate.swift */; };
		E69221BE1EA6862200D4AF01 /* ViewController.swift in Sources */ = {isa = PBXBuildFile; fileRef = E69221BD1EA6862200D4AF01 /* ViewController.swift */; };
		E69221C11EA6862200D4AF01 /* Main.storyboard in Resources */ = {isa = PBXBuildFile; fileRef = E69221BF1EA6862200D4AF01 /* Main.storyboard */; };
		E69221C31EA6862200D4AF01 /* Assets.xcassets in Resources */ = {isa = PBXBuildFile; fileRef = E69221C21EA6862200D4AF01 /* Assets.xcassets */; };
		E69221C61EA6862200D4AF01 /* LaunchScreen.storyboard in Resources */ = {isa = PBXBuildFile; fileRef = E69221C41EA6862200D4AF01 /* LaunchScreen.storyboard */; };
/* End PBXBuildFile section */

/* Begin PBXFileReference section */
		E69221B81EA6862200D4AF01 /* Number Drop.app */ = {isa = PBXFileReference; explicitFileType = wrapper.application; includeInIndex = 0; path = "Number Drop.app"; sourceTree = BUILT_PRODUCTS_DIR; };
		E69221BB1EA6862200D4AF01 /* AppDelegate.swift */ = {isa = PBXFileReference; lastKnownFileType = sourcecode.swift; path = AppDelegate.swift; sourceTree = "<group>"; };
		E69221BD1EA6862200D4AF01 /* ViewController.swift */ = {isa = PBXFileReference; lastKnownFileType = sourcecode.swift; path = ViewController.swift; sourceTree = "<group>"; };
		E69221C01EA6862200D4AF01 /* Base */ = {isa = PBXFileReference; lastKnownFileType = file.storyboard; name = Base; path = Base.lproj/Main.storyboard; sourceTree = "<group>"; };
		E69221C21EA6862200D4AF01 /* Assets.xcassets */ = {isa = PBXFileReference; lastKnownFileType = folder.assetcatalog; path = Assets.xcassets; sourceTree = "<group>"; };
		E69221C51EA6862200D4AF01 /* Base */ = {isa = PBXFileReference; lastKnownFileType = file.storyboard; name = Base; path = Base.lproj/LaunchScreen.storyboard; sourceTree = "<group>"; };
		E69221C71EA6862200D4AF01 /* Info.plist */ = {isa = PBXFileReference; lastKnownFileType = text.plist.xml; path = Info.plist; sourceTree = "<group>"; };
/* End PBXFileReference section */

/* Begin PBXFrameworksBuildPhase section */
		E69221B51EA6862200D4AF01 /* Frameworks */ = {
			isa = PBXFrameworksBuildPhase;
			buildActionMask = 2147483647;
			files = (
			);
			runOnlyForDeploymentPostprocessing = 0;
		};
/* End PBXFrameworksBuildPhase section */

/* Begin PBXGroup section */
		E69221AF1EA6862200D4AF01 = {
			isa = PBXGroup;
			children = (
				E69221BA1EA6862200D4AF01 /* Number Drop */,
				E69221B91EA6862200D4AF01 /* Products */,
			);
			sourceTree = "<group>";
		};
		E69221B91EA6862200D4AF01 /* Products */ = {
			isa = PBXGroup;
			children = (
				E69221B81EA6862200D4AF01 /* Number Drop.app */,
			);
			name = Products;
			sourceTree = "<group>";
		};
		E69221BA1EA6862200D4AF01 /* Number Drop */ = {
			isa = PBXGroup;
			children = (
				E69221BB1EA6862200D4AF01 /* AppDelegate.swift */,
				E69221BD1EA6862200D4AF01 /* ViewController.swift */,
				E69221BF1EA6862200D4AF01 /* Main.storyboard */,
				E69221C21EA6862200D4AF01 /* Assets.xcassets */,
				E69221C41EA6862200D4AF01 /* LaunchScreen.storyboard */,
				E69221C71EA6862200D4AF01 /* Info.plist */,
			);
			path = "Number Drop";
			sourceTree = "<group>";
		};
/* End PBXGroup section */

/* Begin PBXNativeTarget section */
		E69221B71EA6862200D4AF01 /* Number Drop */ = {
			isa = PBXNativeTarget;
			buildConfigurationList = E69221CA1EA6862200D4AF01 /* Build configuration list for PBXNativeTarget "Number Drop" */;
			buildPhases = (
				E69221B41EA6862200D4AF01 /* Sources */,
				E69221B51EA6862200D4AF01 /* Frameworks */,
				E69221B61EA6862200D4AF01 /* Resources */,
			);
			buildRules = (
			);
			dependencies = (
			);
			name = "Number Drop";
			productName = "Number Drop";
			productReference = E69221B81EA6862200D4AF01 /* Number Drop.app */;
			productType = "com.apple.product-type.application";
		};
/* End PBXNativeTarget section */

/* Begin PBXProject section */
		E69221B01EA6862200D4AF01 /* Project object */ = {
			isa = PBXProject;
			attributes = {
				LastSwiftUpdateCheck = 0830;
				LastUpgradeCheck = 0830;
				ORGANIZATIONNAME = "Blake Clough";
				TargetAttributes = {
					E69221B71EA6862200D4AF01 = {
						CreatedOnToolsVersion = 8.3.1;
						ProvisioningStyle = Automatic;
					};
				};
			};
			buildConfigurationList = E69221B31EA6862200D4AF01 /* Build configuration list for PBXProject "Number Drop" */;
			compatibilityVersion = "Xcode 3.2";
			developmentRegion = English;
			hasScannedForEncodings = 0;
			knownRegions = (
				en,
				Base,
			);
			mainGroup = E69221AF1EA6862200D4AF01;
			productRefGroup = E69221B91EA6862200D4AF01 /* Products */;
			projectDirPath = "";
			projectRoot = "";
			targets = (
				E69221B71EA6862200D4AF01 /* Number Drop */,
			);
		};
/* End PBXProject section */

/* Begin PBXResourcesBuildPhase section */
		E69221B61EA6862200D4AF01 /* Resources */ = {
			isa = PBXResourcesBuildPhase;
			buildActionMask = 2147483647;
			files = (
				E69221C61EA6862200D4AF01 /* LaunchScreen.storyboard in Resources */,
				E69221C31EA6862200D4AF01 /* Assets.xcassets in Resources */,
				E69221C11EA6862200D4AF01 /* Main.storyboard in Resources */,
			);
			runOnlyForDeploymentPostprocessing = 0;
		};
/* End PBXResourcesBuildPhase section */

/* Begin PBXSourcesBuildPhase section */
		E69221B41EA6862200D4AF01 /* Sources */ = {
			isa = PBXSourcesBuildPhase;
			buildActionMask = 2147483647;
			files = (
				E69221BE1EA6862200D4AF01 /* ViewController.swift in Sources */,
				E69221BC1EA6862200D4AF01 /* AppDelegate.swift in Sources */,
			);
			runOnlyForDeploymentPostprocessing = 0;
		};
/* End PBXSourcesBuildPhase section */

/* Begin PBXVariantGroup section */
		E69221BF1EA6862200D4AF01 /* Main.storyboard */ = {
			isa = PBXVariantGroup;
			children = (
				E69221C01EA6862200D4AF01 /* Base */,
			);
			name = Main.storyboard;
			sourceTree = "<group>";
		};
		E69221C41EA6862200D4AF01 /* LaunchScreen.storyboard */ = {
			isa = PBXVariantGroup;
			children = (
				E69221C51EA6862200D4AF01 /* Base */,
			);
			name = LaunchScreen.storyboard;
			sourceTree = "<group>";
		};
/* End PBXVariantGroup section */

/* Begin XCBuildConfiguration section */
		E69221C81EA6862200D4AF01 /* Debug */ = {
			isa = XCBuildConfiguration;
			buildSettings = {
				ALWAYS_SEARCH_USER_PATHS = NO;
				CLANG_ANALYZER_NONNULL = YES;
				CLANG_ANALYZER_NUMBER_OBJECT_CONVERSION = YES_AGGRESSIVE;
				CLANG_CXX_LANGUAGE_STANDARD = "gnu++0x";
				CLANG_CXX_LIBRARY = "libc++";
				CLANG_ENABLE_MODULES = YES;
				CLANG_ENABLE_OBJC_ARC = YES;
				CLANG_WARN_BOOL_CONVERSION = YES;
				CLANG_WARN_CONSTANT_CONVERSION = YES;
				CLANG_WARN_DIRECT_OBJC_ISA_USAGE = YES_ERROR;
				CLANG_WARN_DOCUMENTATION_COMMENTS = YES;
				CLANG_WARN_EMPTY_BODY = YES;
				CLANG_WARN_ENUM_CONVERSION = YES;
				CLANG_WARN_INFINITE_RECURSION = YES;
				CLANG_WARN_INT_CONVERSION = YES;
				CLANG_WARN_OBJC_ROOT_CLASS = YES_ERROR;
				CLANG_WARN_SUSPICIOUS_MOVE = YES;
				CLANG_WARN_UNREACHABLE_CODE = YES;
				CLANG_WARN__DUPLICATE_METHOD_MATCH = YES;
				"CODE_SIGN_IDENTITY[sdk=iphoneos*]" = "iPhone Developer";
				COPY_PHASE_STRIP = NO;
				DEBUG_INFORMATION_FORMAT = dwarf;
				ENABLE_STRICT_OBJC_MSGSEND = YES;
				ENABLE_TESTABILITY = YES;
				GCC_C_LANGUAGE_STANDARD = gnu99;
				GCC_DYNAMIC_NO_PIC = NO;
				GCC_NO_COMMON_BLOCKS = YES;
				GCC_OPTIMIZATION_LEVEL = 0;
				GCC_PREPROCESSOR_DEFINITIONS = (
					"DEBUG=1",
					"$(inherited)",
				);
				GCC_WARN_64_TO_32_BIT_CONVERSION = YES;
				GCC_WARN_ABOUT_RETURN_TYPE = YES_ERROR;
				GCC_WARN_UNDECLARED_SELECTOR = YES;
				GCC_WARN_UNINITIALIZED_AUTOS = YES_AGGRESSIVE;
				GCC_WARN_UNUSED_FUNCTION = YES;
				GCC_WARN_UNUSED_VARIABLE = YES;
				IPHONEOS_DEPLOYMENT_TARGET = 10.3;
				MTL_ENABLE_DEBUG_INFO = YES;
				ONLY_ACTIVE_ARCH = YES;
				SDKROOT = iphoneos;
				SWIFT_ACTIVE_COMPILATION_CONDITIONS = DEBUG;
				SWIFT_OPTIMIZATION_LEVEL = "-Onone";
				TARGETED_DEVICE_FAMILY = "1,2";
			};
			name = Debug;
		};
		E69221C91EA6862200D4AF01 /* Release */ = {
			isa = XCBuildConfiguration;
			buildSettings = {
				ALWAYS_SEARCH_USER_PATHS = NO;
				CLANG_ANALYZER_NONNULL = YES;
				CLANG_ANALYZER_NUMBER_OBJECT_CONVERSION = YES_AGGRESSIVE;
				CLANG_CXX_LANGUAGE_STANDARD = "gnu++0x";
				CLANG_CXX_LIBRARY = "libc++";
				CLANG_ENABLE_MODULES = YES;
				CLANG_ENABLE_OBJC_ARC = YES;
				CLANG_WARN_BOOL_CONVERSION = YES;
				CLANG_WARN_CONSTANT_CONVERSION = YES;
				CLANG_WARN_DIRECT_OBJC_ISA_USAGE = YES_ERROR;
				CLANG_WARN_DOCUMENTATION_COMMENTS = YES;
				CLANG_WARN_EMPTY_BODY = YES;
				CLANG_WARN_ENUM_CONVERSION = YES;
				CLANG_WARN_INFINITE_RECURSION = YES;
				CLANG_WARN_INT_CONVERSION = YES;
				CLANG_WARN_OBJC_ROOT_CLASS = YES_ERROR;
				CLANG_WARN_SUSPICIOUS_MOVE = YES;
				CLANG_WARN_UNREACHABLE_CODE = YES;
				CLANG_WARN__DUPLICATE_METHOD_MATCH = YES;
				"CODE_SIGN_IDENTITY[sdk=iphoneos*]" = "iPhone Developer";
				COPY_PHASE_STRIP = NO;
				DEBUG_INFORMATION_FORMAT = "dwarf-with-dsym";
				ENABLE_NS_ASSERTIONS = NO;
				ENABLE_STRICT_OBJC_MSGSEND = YES;
				GCC_C_LANGUAGE_STANDARD = gnu99;
				GCC_NO_COMMON_BLOCKS = YES;
				GCC_WARN_64_TO_32_BIT_CONVERSION = YES;
				GCC_WARN_ABOUT_RETURN_TYPE = YES_ERROR;
				GCC_WARN_UNDECLARED_SELECTOR = YES;
				GCC_WARN_UNINITIALIZED_AUTOS = YES_AGGRESSIVE;
				GCC_WARN_UNUSED_FUNCTION = YES;
				GCC_WARN_UNUSED_VARIABLE = YES;
				IPHONEOS_DEPLOYMENT_TARGET = 10.3;
				MTL_ENABLE_DEBUG_INFO = NO;
				SDKROOT = iphoneos;
				SWIFT_OPTIMIZATION_LEVEL = "-Owholemodule";
				TARGETED_DEVICE_FAMILY = "1,2";
				VALIDATE_PRODUCT = YES;
			};
			name = Release;
		};
		E69221CB1EA6862200D4AF01 /* Debug */ = {
			isa = XCBuildConfiguration;
			buildSettings = {
				ASSETCATALOG_COMPILER_APPICON_NAME = AppIcon;
				INFOPLIST_FILE = "Number Drop/Info.plist";
				LD_RUNPATH_SEARCH_PATHS = "$(inherited) @executable_path/Frameworks";
				PRODUCT_BUNDLE_IDENTIFIER = "com.blavid.Number-Drop";
				PRODUCT_NAME = "$(TARGET_NAME)";
				SWIFT_VERSION = 3.0;
			};
			name = Debug;
		};
		E69221CC1EA6862200D4AF01 /* Release */ = {
			isa = XCBuildConfiguration;
			buildSettings = {
				ASSETCATALOG_COMPILER_APPICON_NAME = AppIcon;
				INFOPLIST_FILE = "Number Drop/Info.plist";
				LD_RUNPATH_SEARCH_PATHS = "$(inherited) @executable_path/Frameworks";
				PRODUCT_BUNDLE_IDENTIFIER = "com.blavid.Number-Drop";
				PRODUCT_NAME = "$(TARGET_NAME)";
				SWIFT_VERSION = 3.0;
			};
			name = Release;
		};
/* End XCBuildConfiguration section */

/* Begin XCConfigurationList section */
		E69221B31EA6862200D4AF01 /* Build configuration list for PBXProject "Number Drop" */ = {
			isa = XCConfigurationList;
			buildConfigurations = (
				E69221C81EA6862200D4AF01 /* Debug */,
				E69221C91EA6862200D4AF01 /* Release */,
			);
			defaultConfigurationIsVisible = 0;
			defaultConfigurationName = Release;
		};
		E69221CA1EA6862200D4AF01 /* Build configuration list for PBXNativeTarget "Number Drop" */ = {
			isa = XCConfigurationList;
			buildConfigurations = (
				E69221CB1EA6862200D4AF01 /* Debug */,
				E69221CC1EA6862200D4AF01 /* Release */,
			);
			defaultConfigurationIsVisible = 0;
		};
/* End XCConfigurationList section */
	};
	rootObject = E69221B01EA6862200D4AF01 /* Project object */;
}
